
Microsoft Visual Studio Solution File, Format Version 12.00
# Visual Studio Version 17
VisualStudioVersion = 17.5.33530.505
MinimumVisualStudioVersion = 10.0.40219.1
Project("{FAE04EC0-301F-11D3-BF4B-00C04F79EFBC}") = "Sales.Shared", "Sales.Shared\Sales.Shared.csproj", "{99A5EC3B-BF6D-4D3F-88F3-8CDB815B4DEE}"
EndProject
Project("{FAE04EC0-301F-11D3-BF4B-00C04F79EFBC}") = "Sales.API", "Sales.API\Sales.API.csproj", "{97130354-14AE-4FF8-A749-B250675F22E6}"
EndProject
Project("{FAE04EC0-301F-11D3-BF4B-00C04F79EFBC}") = "Sales.WEB", "Sales.WEB\Sales.WEB.csproj", "{ECAF03E8-DE69-4A40-9BC8-967135E6A28E}"
EndProject
Project("{FAE04EC0-301F-11D3-BF4B-00C04F79EFBC}") = "Sales.Mobile", "Sales.Mobile\Sales.Mobile.csproj", "{72533D7E-69EC-46C5-9622-23A1D140266A}"
EndProject
Global
	GlobalSection(SolutionConfigurationPlatforms) = preSolution
		Debug|Any CPU = Debug|Any CPU
		Release|Any CPU = Release|Any CPU
	EndGlobalSection
	GlobalSection(ProjectConfigurationPlatforms) = postSolution
		{99A5EC3B-BF6D-4D3F-88F3-8CDB815B4DEE}.Debug|Any CPU.ActiveCfg = Debug|Any CPU
		{99A5EC3B-BF6D-4D3F-88F3-8CDB815B4DEE}.Debug|Any CPU.Build.0 = Debug|Any CPU
		{99A5EC3B-BF6D-4D3F-88F3-8CDB815B4DEE}.Release|Any CPU.ActiveCfg = Release|Any CPU
		{99A5EC3B-BF6D-4D3F-88F3-8CDB815B4DEE}.Release|Any CPU.Build.0 = Release|Any CPU
		{97130354-14AE-4FF8-A749-B250675F22E6}.Debug|Any CPU.ActiveCfg = Debug|Any CPU
		{97130354-14AE-4FF8-A749-B250675F22E6}.Debug|Any CPU.Build.0 = Debug|Any CPU
		{97130354-14AE-4FF8-A749-B250675F22E6}.Release|Any CPU.ActiveCfg = Release|Any CPU
		{97130354-14AE-4FF8-A749-B250675F22E6}.Release|Any CPU.Build.0 = Release|Any CPU
		{ECAF03E8-DE69-4A40-9BC8-967135E6A28E}.Debug|Any CPU.ActiveCfg = Debug|Any CPU
		{ECAF03E8-DE69-4A40-9BC8-967135E6A28E}.Debug|Any CPU.Build.0 = Debug|Any CPU
		{ECAF03E8-DE69-4A40-9BC8-967135E6A28E}.Release|Any CPU.ActiveCfg = Release|Any CPU
		{ECAF03E8-DE69-4A40-9BC8-967135E6A28E}.Release|Any CPU.Build.0 = Release|Any CPU
		{72533D7E-69EC-46C5-9622-23A1D140266A}.Debug|Any CPU.ActiveCfg = Debug|Any CPU
		{72533D7E-69EC-46C5-9622-23A1D140266A}.Debug|Any CPU.Build.0 = Debug|Any CPU
		{72533D7E-69EC-46C5-9622-23A1D140266A}.Debug|Any CPU.Deploy.0 = Debug|Any CPU
		{72533D7E-69EC-46C5-9622-23A1D140266A}.Release|Any CPU.ActiveCfg = Release|Any CPU
		{72533D7E-69EC-46C5-9622-23A1D140266A}.Release|Any CPU.Build.0 = Release|Any CPU
		{72533D7E-69EC-46C5-9622-23A1D140266A}.Release|Any CPU.Deploy.0 = Release|Any CPU
	EndGlobalSection
	GlobalSection(SolutionProperties) = preSolution
		HideSolutionNode = FALSE
	EndGlobalSection
	GlobalSection(ExtensibilityGlobals) = postSolution
		SolutionGuid = {AF4F7EBD-1BA5-47A1-A8BF-166BE5C553CD}
	EndGlobalSection
EndGlobal
